{
  "nodes": {
    "nixpkgs": {
      "locked": {
        "lastModified": 1707431656,
        "narHash": "sha256-v2gnfG4eCDnY0XQ1iIcJcVI3ukHKVyRyPHELlkxgXn8=",
        "owner": "nixos",
        "repo": "nixpkgs",
        "rev": "e6bfee0e5bd2c629f8fd6cb1ce50b4084f0778cb",
        "type": "github"
      },
      "original": {
        "owner": "nixos",
        "ref": "release-23.11",
        "repo": "nixpkgs",
        "type": "github"
      }
    },
    "root": {
      "inputs": {
        "nixpkgs": "nixpkgs"
      }
    }
  },
  "root": "root",
  "version": 7
}
