{
  "nodes": {
    "nixpkgs": {
      "locked": {
        "lastModified": 1744223630,
        "narHash": "sha256-U9wzZW9F+YmpUe7ffNtPuM0R7HhpRPrlFYHqf5lQoDk=",
        "owner": "nixos",
        "repo": "nixpkgs",
        "rev": "8e81c6d24ed2eadd16bd18d35e5aad274a07c512",
        "type": "github"
      },
      "original": {
        "owner": "nixos",
        "repo": "nixpkgs",
        "type": "github"
      }
    },
    "root": {
      "inputs": {
        "nixpkgs": "nixpkgs"
      }
    }
  },
  "root": "root",
  "version": 7
}
